
Microsoft Visual Studio Solution File, Format Version 12.00
# Visual Studio Version 17
VisualStudioVersion = 17.11.35222.181
MinimumVisualStudioVersion = 10.0.40219.1
Project("{9092AA53-FB77-4645-B42D-1CCCA6BD08BD}") = "SmartWarehouse", "SmartWarehouse\SmartWarehouse.njsproj", "{33555DF7-D99C-429F-A34F-CFF4B1B40B64}"
EndProject
Global
	GlobalSection(SolutionConfigurationPlatforms) = preSolution
		Debug|Any CPU = Debug|Any CPU
		Release|Any CPU = Release|Any CPU
	EndGlobalSection
	GlobalSection(ProjectConfigurationPlatforms) = postSolution
		{33555DF7-D99C-429F-A34F-CFF4B1B40B64}.Debug|Any CPU.ActiveCfg = Debug|Any CPU
		{33555DF7-D99C-429F-A34F-CFF4B1B40B64}.Debug|Any CPU.Build.0 = Debug|Any CPU
		{33555DF7-D99C-429F-A34F-CFF4B1B40B64}.Release|Any CPU.ActiveCfg = Release|Any CPU
		{33555DF7-D99C-429F-A34F-CFF4B1B40B64}.Release|Any CPU.Build.0 = Release|Any CPU
	EndGlobalSection
	GlobalSection(SolutionProperties) = preSolution
		HideSolutionNode = FALSE
	EndGlobalSection
	GlobalSection(ExtensibilityGlobals) = postSolution
		SolutionGuid = {10ACE590-278A-4637-ABE6-3084C441B500}
	EndGlobalSection
EndGlobal
